
Microsoft Visual Studio Solution File, Format Version 12.00
# Visual Studio Version 16
VisualStudioVersion = 16.0.29709.97
MinimumVisualStudioVersion = 10.0.40219.1
Project("{FAE04EC0-301F-11D3-BF4B-00C04F79EFBC}") = "VehicleApps.Android", "VehicleApps\VehicleApps.Android\VehicleApps.Android.csproj", "{9EBB6D6D-5CEA-4D91-A34B-B80953A8FA32}"
EndProject
Project("{FAE04EC0-301F-11D3-BF4B-00C04F79EFBC}") = "VehicleApps.iOS", "VehicleApps\VehicleApps.iOS\VehicleApps.iOS.csproj", "{714CAD98-61D2-4767-B3FA-026A851733D8}"
EndProject
Project("{FAE04EC0-301F-11D3-BF4B-00C04F79EFBC}") = "VehicleApps", "VehicleApps\VehicleApps\VehicleApps.csproj", "{509C6C75-982F-4C24-96CE-481D152ECCA9}"
EndProject
Global
	GlobalSection(SolutionConfigurationPlatforms) = preSolution
		Debug|Any CPU = Debug|Any CPU
		Debug|iPhone = Debug|iPhone
		Debug|iPhoneSimulator = Debug|iPhoneSimulator
		Release|Any CPU = Release|Any CPU
		Release|iPhone = Release|iPhone
		Release|iPhoneSimulator = Release|iPhoneSimulator
	EndGlobalSection
	GlobalSection(ProjectConfigurationPlatforms) = postSolution
		{9EBB6D6D-5CEA-4D91-A34B-B80953A8FA32}.Debug|Any CPU.ActiveCfg = Debug|Any CPU
		{9EBB6D6D-5CEA-4D91-A34B-B80953A8FA32}.Debug|Any CPU.Build.0 = Debug|Any CPU
		{9EBB6D6D-5CEA-4D91-A34B-B80953A8FA32}.Debug|Any CPU.Deploy.0 = Debug|Any CPU
		{9EBB6D6D-5CEA-4D91-A34B-B80953A8FA32}.Debug|iPhone.ActiveCfg = Debug|Any CPU
		{9EBB6D6D-5CEA-4D91-A34B-B80953A8FA32}.Debug|iPhone.Build.0 = Debug|Any CPU
		{9EBB6D6D-5CEA-4D91-A34B-B80953A8FA32}.Debug|iPhone.Deploy.0 = Debug|Any CPU
		{9EBB6D6D-5CEA-4D91-A34B-B80953A8FA32}.Debug|iPhoneSimulator.ActiveCfg = Debug|Any CPU
		{9EBB6D6D-5CEA-4D91-A34B-B80953A8FA32}.Debug|iPhoneSimulator.Build.0 = Debug|Any CPU
		{9EBB6D6D-5CEA-4D91-A34B-B80953A8FA32}.Debug|iPhoneSimulator.Deploy.0 = Debug|Any CPU
		{9EBB6D6D-5CEA-4D91-A34B-B80953A8FA32}.Release|Any CPU.ActiveCfg = Release|Any CPU
		{9EBB6D6D-5CEA-4D91-A34B-B80953A8FA32}.Release|Any CPU.Build.0 = Release|Any CPU
		{9EBB6D6D-5CEA-4D91-A34B-B80953A8FA32}.Release|Any CPU.Deploy.0 = Release|Any CPU
		{9EBB6D6D-5CEA-4D91-A34B-B80953A8FA32}.Release|iPhone.ActiveCfg = Release|Any CPU
		{9EBB6D6D-5CEA-4D91-A34B-B80953A8FA32}.Release|iPhone.Build.0 = Release|Any CPU
		{9EBB6D6D-5CEA-4D91-A34B-B80953A8FA32}.Release|iPhone.Deploy.0 = Release|Any CPU
		{9EBB6D6D-5CEA-4D91-A34B-B80953A8FA32}.Release|iPhoneSimulator.ActiveCfg = Release|Any CPU
		{9EBB6D6D-5CEA-4D91-A34B-B80953A8FA32}.Release|iPhoneSimulator.Build.0 = Release|Any CPU
		{9EBB6D6D-5CEA-4D91-A34B-B80953A8FA32}.Release|iPhoneSimulator.Deploy.0 = Release|Any CPU
		{714CAD98-61D2-4767-B3FA-026A851733D8}.Debug|Any CPU.ActiveCfg = Debug|iPhoneSimulator
		{714CAD98-61D2-4767-B3FA-026A851733D8}.Debug|Any CPU.Build.0 = Debug|iPhoneSimulator
		{714CAD98-61D2-4767-B3FA-026A851733D8}.Debug|Any CPU.Deploy.0 = Debug|iPhoneSimulator
		{714CAD98-61D2-4767-B3FA-026A851733D8}.Debug|iPhone.ActiveCfg = Debug|iPhone
		{714CAD98-61D2-4767-B3FA-026A851733D8}.Debug|iPhone.Build.0 = Debug|iPhone
		{714CAD98-61D2-4767-B3FA-026A851733D8}.Debug|iPhone.Deploy.0 = Debug|iPhone
		{714CAD98-61D2-4767-B3FA-026A851733D8}.Debug|iPhoneSimulator.ActiveCfg = Debug|iPhoneSimulator
		{714CAD98-61D2-4767-B3FA-026A851733D8}.Debug|iPhoneSimulator.Build.0 = Debug|iPhoneSimulator
		{714CAD98-61D2-4767-B3FA-026A851733D8}.Debug|iPhoneSimulator.Deploy.0 = Debug|iPhoneSimulator
		{714CAD98-61D2-4767-B3FA-026A851733D8}.Release|Any CPU.ActiveCfg = Release|iPhone
		{714CAD98-61D2-4767-B3FA-026A851733D8}.Release|Any CPU.Build.0 = Release|iPhone
		{714CAD98-61D2-4767-B3FA-026A851733D8}.Release|Any CPU.Deploy.0 = Release|iPhone
		{714CAD98-61D2-4767-B3FA-026A851733D8}.Release|iPhone.ActiveCfg = Release|iPhone
		{714CAD98-61D2-4767-B3FA-026A851733D8}.Release|iPhone.Build.0 = Release|iPhone
		{714CAD98-61D2-4767-B3FA-026A851733D8}.Release|iPhone.Deploy.0 = Release|iPhone
		{714CAD98-61D2-4767-B3FA-026A851733D8}.Release|iPhoneSimulator.ActiveCfg = Release|iPhoneSimulator
		{714CAD98-61D2-4767-B3FA-026A851733D8}.Release|iPhoneSimulator.Build.0 = Release|iPhoneSimulator
		{714CAD98-61D2-4767-B3FA-026A851733D8}.Release|iPhoneSimulator.Deploy.0 = Release|iPhoneSimulator
		{509C6C75-982F-4C24-96CE-481D152ECCA9}.Debug|Any CPU.ActiveCfg = Debug|Any CPU
		{509C6C75-982F-4C24-96CE-481D152ECCA9}.Debug|Any CPU.Build.0 = Debug|Any CPU
		{509C6C75-982F-4C24-96CE-481D152ECCA9}.Debug|Any CPU.Deploy.0 = Debug|Any CPU
		{509C6C75-982F-4C24-96CE-481D152ECCA9}.Debug|iPhone.ActiveCfg = Debug|Any CPU
		{509C6C75-982F-4C24-96CE-481D152ECCA9}.Debug|iPhone.Build.0 = Debug|Any CPU
		{509C6C75-982F-4C24-96CE-481D152ECCA9}.Debug|iPhone.Deploy.0 = Debug|Any CPU
		{509C6C75-982F-4C24-96CE-481D152ECCA9}.Debug|iPhoneSimulator.ActiveCfg = Debug|Any CPU
		{509C6C75-982F-4C24-96CE-481D152ECCA9}.Debug|iPhoneSimulator.Build.0 = Debug|Any CPU
		{509C6C75-982F-4C24-96CE-481D152ECCA9}.Debug|iPhoneSimulator.Deploy.0 = Debug|Any CPU
		{509C6C75-982F-4C24-96CE-481D152ECCA9}.Release|Any CPU.ActiveCfg = Release|Any CPU
		{509C6C75-982F-4C24-96CE-481D152ECCA9}.Release|Any CPU.Build.0 = Release|Any CPU
		{509C6C75-982F-4C24-96CE-481D152ECCA9}.Release|Any CPU.Deploy.0 = Release|Any CPU
		{509C6C75-982F-4C24-96CE-481D152ECCA9}.Release|iPhone.ActiveCfg = Release|Any CPU
		{509C6C75-982F-4C24-96CE-481D152ECCA9}.Release|iPhone.Build.0 = Release|Any CPU
		{509C6C75-982F-4C24-96CE-481D152ECCA9}.Release|iPhone.Deploy.0 = Release|Any CPU
		{509C6C75-982F-4C24-96CE-481D152ECCA9}.Release|iPhoneSimulator.ActiveCfg = Release|Any CPU
		{509C6C75-982F-4C24-96CE-481D152ECCA9}.Release|iPhoneSimulator.Build.0 = Release|Any CPU
		{509C6C75-982F-4C24-96CE-481D152ECCA9}.Release|iPhoneSimulator.Deploy.0 = Release|Any CPU
	EndGlobalSection
	GlobalSection(SolutionProperties) = preSolution
		HideSolutionNode = FALSE
	EndGlobalSection
	GlobalSection(ExtensibilityGlobals) = postSolution
		SolutionGuid = {E742F1CE-2124-41B4-BD81-2DF4C430025B}
	EndGlobalSection
EndGlobal
